
Microsoft Visual Studio Solution File, Format Version 12.00
# Visual Studio 15
VisualStudioVersion = 15.0.28010.2041
MinimumVisualStudioVersion = 10.0.40219.1
Project("{FAE04EC0-301F-11D3-BF4B-00C04F79EFBC}") = "Customer Relationship Management Application", "Customer Relationship Management Application\Customer Relationship Management Application.csproj", "{82F1131D-8BA3-47DD-BC83-5EF08D08094F}"
EndProject
Project("{FAE04EC0-301F-11D3-BF4B-00C04F79EFBC}") = "UnitTesting", "UnitTesting\UnitTesting.csproj", "{70A5E8DC-7F94-43A8-8C02-DD097625DF51}"
EndProject
Global
	GlobalSection(SolutionConfigurationPlatforms) = preSolution
		Debug|Any CPU = Debug|Any CPU
		Release|Any CPU = Release|Any CPU
	EndGlobalSection
	GlobalSection(ProjectConfigurationPlatforms) = postSolution
		{82F1131D-8BA3-47DD-BC83-5EF08D08094F}.Debug|Any CPU.ActiveCfg = Debug|Any CPU
		{82F1131D-8BA3-47DD-BC83-5EF08D08094F}.Debug|Any CPU.Build.0 = Debug|Any CPU
		{82F1131D-8BA3-47DD-BC83-5EF08D08094F}.Release|Any CPU.ActiveCfg = Release|Any CPU
		{82F1131D-8BA3-47DD-BC83-5EF08D08094F}.Release|Any CPU.Build.0 = Release|Any CPU
		{70A5E8DC-7F94-43A8-8C02-DD097625DF51}.Debug|Any CPU.ActiveCfg = Debug|Any CPU
		{70A5E8DC-7F94-43A8-8C02-DD097625DF51}.Debug|Any CPU.Build.0 = Debug|Any CPU
		{70A5E8DC-7F94-43A8-8C02-DD097625DF51}.Release|Any CPU.ActiveCfg = Release|Any CPU
		{70A5E8DC-7F94-43A8-8C02-DD097625DF51}.Release|Any CPU.Build.0 = Release|Any CPU
	EndGlobalSection
	GlobalSection(SolutionProperties) = preSolution
		HideSolutionNode = FALSE
	EndGlobalSection
	GlobalSection(ExtensibilityGlobals) = postSolution
		SolutionGuid = {280913DE-2F77-4AF4-AED8-A91ED045AAB9}
	EndGlobalSection
EndGlobal
